
Microsoft Visual Studio Solution File, Format Version 12.00
# Visual Studio Version 17
VisualStudioVersion = 17.14.36518.9 d17.14
MinimumVisualStudioVersion = 10.0.40219.1
Project("{FAE04EC0-301F-11D3-BF4B-00C04F79EFBC}") = "MyFirstProject", "MyFirstProject.csproj", "{A40F7553-8F29-4E01-B300-9F863A9D699E}"
EndProject
Global
	GlobalSection(SolutionConfigurationPlatforms) = preSolution
		Debug|Any CPU = Debug|Any CPU
		Release|Any CPU = Release|Any CPU
	EndGlobalSection
	GlobalSection(ProjectConfigurationPlatforms) = postSolution
		{A40F7553-8F29-4E01-B300-9F863A9D699E}.Debug|Any CPU.ActiveCfg = Debug|Any CPU
		{A40F7553-8F29-4E01-B300-9F863A9D699E}.Debug|Any CPU.Build.0 = Debug|Any CPU
		{A40F7553-8F29-4E01-B300-9F863A9D699E}.Release|Any CPU.ActiveCfg = Release|Any CPU
		{A40F7553-8F29-4E01-B300-9F863A9D699E}.Release|Any CPU.Build.0 = Release|Any CPU
	EndGlobalSection
	GlobalSection(SolutionProperties) = preSolution
		HideSolutionNode = FALSE
	EndGlobalSection
	GlobalSection(ExtensibilityGlobals) = postSolution
		SolutionGuid = {00F4A471-B62C-47ED-93A0-D01356A8EF6E}
	EndGlobalSection
EndGlobal
